Microsoft Visual Studio Solution File, Format Version 11.00
# Visual Studio 2008

Project("{36F053F6-3BAD-7545-AEBA-9C64DD092BAE}") = "Skilled", "Assembly-CSharp-firstpass.csproj", "{60E9C1CA-FFB7-3B27-8A68-AF9999F69CFA}"
EndProject
Project("{36F053F6-3BAD-7545-AEBA-9C64DD092BAE}") = "Skilled", "Assembly-CSharp.csproj", "{F59A07B6-FB32-2247-2536-E9CA11FC84CF}"
EndProject
Project("{36F053F6-3BAD-7545-AEBA-9C64DD092BAE}") = "Skilled", "Assembly-CSharp-Editor.csproj", "{92999C98-9262-0EF6-4634-1639B91E9E51}"
EndProject
Global
	GlobalSection(SolutionConfigurationPlatforms) = preSolution
		Debug|Any CPU = Debug|Any CPU
		Release|Any CPU = Release|Any CPU
	EndGlobalSection
	GlobalSection(ProjectConfigurationPlatforms) = postSolution
		{60E9C1CA-FFB7-3B27-8A68-AF9999F69CFA}.Debug|Any CPU.ActiveCfg = Debug|Any CPU
		{60E9C1CA-FFB7-3B27-8A68-AF9999F69CFA}.Debug|Any CPU.Build.0 = Debug|Any CPU
		{60E9C1CA-FFB7-3B27-8A68-AF9999F69CFA}.Release|Any CPU.ActiveCfg = Release|Any CPU
		{60E9C1CA-FFB7-3B27-8A68-AF9999F69CFA}.Release|Any CPU.Build.0 = Release|Any CPU
		{F59A07B6-FB32-2247-2536-E9CA11FC84CF}.Debug|Any CPU.ActiveCfg = Debug|Any CPU
		{F59A07B6-FB32-2247-2536-E9CA11FC84CF}.Debug|Any CPU.Build.0 = Debug|Any CPU
		{F59A07B6-FB32-2247-2536-E9CA11FC84CF}.Release|Any CPU.ActiveCfg = Release|Any CPU
		{F59A07B6-FB32-2247-2536-E9CA11FC84CF}.Release|Any CPU.Build.0 = Release|Any CPU
		{92999C98-9262-0EF6-4634-1639B91E9E51}.Debug|Any CPU.ActiveCfg = Debug|Any CPU
		{92999C98-9262-0EF6-4634-1639B91E9E51}.Debug|Any CPU.Build.0 = Debug|Any CPU
		{92999C98-9262-0EF6-4634-1639B91E9E51}.Release|Any CPU.ActiveCfg = Release|Any CPU
		{92999C98-9262-0EF6-4634-1639B91E9E51}.Release|Any CPU.Build.0 = Release|Any CPU
	EndGlobalSection
	GlobalSection(SolutionProperties) = preSolution
		HideSolutionNode = FALSE
	EndGlobalSection
	GlobalSection(MonoDevelopProperties) = preSolution
		StartupItem = Assembly-CSharp.csproj
	EndGlobalSection
EndGlobal
